lockfileVersion: '9.0'

settings:
  autoInstallPeers: true
  excludeLinksFromLockfile: false

overrides:
  '@occultist/occultist': link:../occultist
  '@octiron/octiron': link:../octiron

importers:

  .:
    devDependencies:
      '@occultist/occultist':
        specifier: link:../occultist
        version: link:../occultist
      '@types/deno':
        specifier: ^2.5.0
        version: 2.5.0
      '@types/jsonld':
        specifier: ^1.5.15
        version: 1.5.15
      '@types/node':
        specifier: ^24.10.1
        version: 24.10.7
      jsonld:
        specifier: ^9.0.0
        version: 9.0.0
      typescript:
        specifier: ^5.9.3
        version: 5.9.3

packages:

  '@digitalbazaar/http-client@4.2.0':
    resolution: {integrity: sha512-OGju/GYp0V72qlZ/Pd4jGEwqBwT/Za/tw+Z3AC7lgMheGqsbhTZrtc5iLz9z59G/Q53QyE2fnjHV8N9wjBpiWA==}
    engines: {node: '>=18.0'}

  '@types/deno@2.5.0':
    resolution: {integrity: sha512-g8JS38vmc0S87jKsFzre+0ZyMOUDHPVokEJymSCRlL57h6f/FdKPWBXgdFh3Z8Ees9sz11qt9VWELU9Y9ZkiVw==}

  '@types/jsonld@1.5.15':
    resolution: {integrity: sha512-PlAFPZjL+AuGYmwlqwKEL0IMP8M8RexH0NIPGfCVWSQ041H2rR/8OlyZSD7KsCVoN8vCfWdtWDBxX8yBVP+xow==}

  '@types/node@24.10.7':
    resolution: {integrity: sha512-+054pVMzVTmRQV8BhpGv3UyfZ2Llgl8rdpDTon+cUH9+na0ncBVXj3wTUKh14+Kiz18ziM3b4ikpP5/Pc0rQEQ==}

  canonicalize@2.1.0:
    resolution: {integrity: sha512-F705O3xrsUtgt98j7leetNhTWPe+5S72rlL5O4jA1pKqBVQ/dT1O1D6PFxmSXvc0SUOinWS57DKx0I3CHrXJHQ==}
    hasBin: true

  jsonld@9.0.0:
    resolution: {integrity: sha512-pjMIdkXfC1T2wrX9B9i2uXhGdyCmgec3qgMht+TDj+S0qX3bjWMQUfL7NeqEhuRTi8G5ESzmL9uGlST7nzSEWg==}
    engines: {node: '>=18'}

  ky@1.14.2:
    resolution: {integrity: sha512-q3RBbsO5A5zrPhB6CaCS8ZUv+NWCXv6JJT4Em0i264G9W0fdPB8YRfnnEi7Dm7X7omAkBIPojzYJ2D1oHTHqug==}
    engines: {node: '>=18'}

  lru-cache@6.0.0:
    resolution: {integrity: sha512-Jo6dJ04CmSjuznwJSS3pUeWmd/H0ffTlkXXgwZi+eq1UCmqQwCh+eLsYOYCwY991i2Fah4h1BEMCx4qThGbsiA==}
    engines: {node: '>=10'}

  rdf-canonize@5.0.0:
    resolution: {integrity: sha512-g8OUrgMXAR9ys/ZuJVfBr05sPPoMA7nHIVs8VEvg9QwM5W4GR2qSFEEHjsyHF1eWlBaf8Ev40WNjQFQ+nJTO3w==}
    engines: {node: '>=18'}

  setimmediate@1.0.5:
    resolution: {integrity: sha512-MATJdZp8sLqDl/68LfQmbP8zKPLQNV6BIZoIgrscFDQ+RsvK/BxeDQOgyxKKoh0y/8h3BqVFnCqQ/gd+reiIXA==}

  typescript@5.9.3:
    resolution: {integrity: sha512-jl1vZzPDinLr9eUt3J/t7V6FgNEw9QjvBPdysz9KfQDD41fQrC2Y4vKQdiaUpFT4bXlb1RHhLpp8wtm6M5TgSw==}
    engines: {node: '>=14.17'}
    hasBin: true

  undici-types@7.16.0:
    resolution: {integrity: sha512-Zz+aZWSj8LE6zoxD+xrjh4VfkIG8Ya6LvYkZqtUQGJPZjYl53ypCaUwWqo7eI0x66KBGeRo+mlBEkMSeSZ38Nw==}

  undici@6.23.0:
    resolution: {integrity: sha512-VfQPToRA5FZs/qJxLIinmU59u0r7LXqoJkCzinq3ckNJp3vKEh7jTWN589YQ5+aoAC/TGRLyJLCPKcLQbM8r9g==}
    engines: {node: '>=18.17'}

  yallist@4.0.0:
    resolution: {integrity: sha512-3wdGidZyq5PB084XLES5TpOSRA3wjXAlIWMhum2kRcv/41Sn2emQ0dycQW4uZXLejwKvg6EsvbdlVL+FYEct7A==}

snapshots:

  '@digitalbazaar/http-client@4.2.0':
    dependencies:
      ky: 1.14.2
      undici: 6.23.0

  '@types/deno@2.5.0': {}

  '@types/jsonld@1.5.15': {}

  '@types/node@24.10.7':
    dependencies:
      undici-types: 7.16.0

  canonicalize@2.1.0: {}

  jsonld@9.0.0:
    dependencies:
      '@digitalbazaar/http-client': 4.2.0
      canonicalize: 2.1.0
      lru-cache: 6.0.0
      rdf-canonize: 5.0.0

  ky@1.14.2: {}

  lru-cache@6.0.0:
    dependencies:
      yallist: 4.0.0

  rdf-canonize@5.0.0:
    dependencies:
      setimmediate: 1.0.5

  setimmediate@1.0.5: {}

  typescript@5.9.3: {}

  undici-types@7.16.0: {}

  undici@6.23.0: {}

  yallist@4.0.0: {}
